<?xml version="1.0" encoding="utf-8"?>
<Project ToolsVersion="4.0" xmlns="http://schemas.microsoft.com/developer/msbuild/2003">
  <ItemGroup>
    <Filter Include="Fichiers sources">
      <UniqueIdentifier>{4FC737F1-C7A5-4376-A066-2A32D752A2FF}</UniqueIdentifier>
      <Extensions>cpp;c;cc;cxx;c++;cppm;ixx;def;odl;idl;hpj;bat;asm;asmx</Extensions>
    </Filter>
    <Filter Include="Fichiers d%27en-tête">
      <UniqueIdentifier>{93995380-89BD-4b04-88EB-625FBE52EBFB}</UniqueIdentifier>
      <Extensions>h;hh;hpp;hxx;h++;hm;inl;inc;ipp;xsd</Extensions>
    </Filter>
    <Filter Include="Fichiers de ressources">
      <UniqueIdentifier>{67DA6AB6-F800-4c08-8B7A-83BB121AAD01}</UniqueIdentifier>
      <Extensions>rc;ico;cur;bmp;dlg;rc2;rct;bin;rgs;gif;jpg;jpeg;jpe;resx;tiff;tif;png;wav;mfcribbon-ms</Extensions>
    </Filter>
    <Filter Include="Fichiers d%27en-tête\Classes mapping">
      <UniqueIdentifier>{5acc141a-24ca-4650-a278-61cc9e6ee76f}</UniqueIdentifier>
    </Filter>
    <Filter Include="Fichiers d%27en-tête\Classes components">
      <UniqueIdentifier>{633d25ee-af10-4730-ac6f-05d0c4016bd3}</UniqueIdentifier>
    </Filter>
    <Filter Include="Fichiers d%27en-tête\Classes UI">
      <UniqueIdentifier>{bf2e892c-6ac6-4890-86c5-549f9c7a5065}</UniqueIdentifier>
    </Filter>
    <Filter Include="Fichiers sources\Classes mapping">
      <UniqueIdentifier>{e5a29d1a-9594-426f-8214-5928b4d9fcda}</UniqueIdentifier>
    </Filter>
    <Filter Include="Fichiers sources\Classes components">
      <UniqueIdentifier>{afc43aee-e214-441a-9ae4-671851729f09}</UniqueIdentifier>
    </Filter>
    <Filter Include="Fichiers sources\Classes UI">
      <UniqueIdentifier>{9c705c46-941d-425a-9ec6-f55dae785241}</UniqueIdentifier>
    </Filter>
  </ItemGroup>
  <ItemGroup>
    <ClCompile Include="main.cpp">
      <Filter>Fichiers sources</Filter>
    </ClCompile>
    <ClCompile Include="DataBase.cpp">
      <Filter>Fichiers sources</Filter>
    </ClCompile>
    <ClCompile Include="Address.cpp">
      <Filter>Fichiers sources\Classes components</Filter>
    </ClCompile>
    <ClCompile Include="Splashscreen.cpp">
      <Filter>Fichiers sources\Classes UI</Filter>
    </ClCompile>
    <ClCompile Include="App_main.cpp">
      <Filter>Fichiers sources\Classes UI</Filter>
    </ClCompile>
    <ClCompile Include="App_Personnel.cpp">
      <Filter>Fichiers sources\Classes UI</Filter>
    </ClCompile>
    <ClCompile Include="App_Stock.cpp">
      <Filter>Fichiers sources\Classes UI</Filter>
    </ClCompile>
    <ClCompile Include="App_Commandes.cpp">
      <Filter>Fichiers sources\Classes UI</Filter>
    </ClCompile>
    <ClCompile Include="App_statistiques.cpp">
      <Filter>Fichiers sources\Classes UI</Filter>
    </ClCompile>
    <ClCompile Include="mADDRESS.cpp">
      <Filter>Fichiers sources\Classes mapping</Filter>
    </ClCompile>
    <ClCompile Include="Client.cpp">
      <Filter>Fichiers sources\Classes components</Filter>
    </ClCompile>
    <ClCompile Include="Tax.cpp">
      <Filter>Fichiers sources\Classes components</Filter>
    </ClCompile>
    <ClCompile Include="mTAX.cpp">
      <Filter>Fichiers sources\Classes mapping</Filter>
    </ClCompile>
    <ClCompile Include="App_Client.cpp">
      <Filter>Fichiers sources\Classes UI</Filter>
    </ClCompile>
  </ItemGroup>
  <ItemGroup>
    <ClInclude Include="DataBase.h">
      <Filter>Fichiers d%27en-tête</Filter>
    </ClInclude>
    <ClInclude Include="Splashscreen.h">
      <Filter>Fichiers d%27en-tête\Classes UI</Filter>
    </ClInclude>
    <ClInclude Include="App_main.h">
      <Filter>Fichiers d%27en-tête\Classes UI</Filter>
    </ClInclude>
    <ClInclude Include="App_Personnel.h">
      <Filter>Fichiers d%27en-tête\Classes UI</Filter>
    </ClInclude>
    <ClInclude Include="App_Stock.h">
      <Filter>Fichiers d%27en-tête\Classes UI</Filter>
    </ClInclude>
    <ClInclude Include="App_Commandes.h">
      <Filter>Fichiers d%27en-tête\Classes UI</Filter>
    </ClInclude>
    <ClInclude Include="App_statistiques.h">
      <Filter>Fichiers d%27en-tête\Classes UI</Filter>
    </ClInclude>
    <ClInclude Include="Client.h">
      <Filter>Fichiers d%27en-tête\Classes components</Filter>
    </ClInclude>
    <ClInclude Include="Tax.h">
      <Filter>Fichiers d%27en-tête\Classes components</Filter>
    </ClInclude>
    <ClInclude Include="mTAX.h">
      <Filter>Fichiers d%27en-tête\Classes mapping</Filter>
    </ClInclude>
    <ClInclude Include="Date.h">
      <Filter>Fichiers d%27en-tête\Classes components</Filter>
    </ClInclude>
    <ClInclude Include="Mapping.h">
      <Filter>Fichiers d%27en-tête\Classes mapping</Filter>
    </ClInclude>
    <ClInclude Include="Address.h">
      <Filter>Fichiers d%27en-tête\Classes components</Filter>
    </ClInclude>
    <ClInclude Include="mADDRESS.h">
      <Filter>Fichiers d%27en-tête\Classes mapping</Filter>
    </ClInclude>
    <ClInclude Include="App_Client.h">
      <Filter>Fichiers d%27en-tête\Classes UI</Filter>
    </ClInclude>
  </ItemGroup>
</Project>